
Microsoft Visual Studio Solution File, Format Version 12.00
# Visual Studio Version 16
VisualStudioVersion = 16.0.30717.126
MinimumVisualStudioVersion = 10.0.40219.1
Project("{8BC9CEB8-8B4A-11D0-8D11-00A0C91BC942}") = "AdventOfCode2020-1", "AdventOfCode2020-1\AdventOfCode2020-1.vcxproj", "{EB180200-756F-43D2-A450-A29472457259}"
EndProject
Global
	GlobalSection(SolutionConfigurationPlatforms) = preSolution
		Debug|x64 = Debug|x64
		Debug|x86 = Debug|x86
		Release|x64 = Release|x64
		Release|x86 = Release|x86
	EndGlobalSection
	GlobalSection(ProjectConfigurationPlatforms) = postSolution
		{EB180200-756F-43D2-A450-A29472457259}.Debug|x64.ActiveCfg = Debug|x64
		{EB180200-756F-43D2-A450-A29472457259}.Debug|x64.Build.0 = Debug|x64
		{EB180200-756F-43D2-A450-A29472457259}.Debug|x86.ActiveCfg = Debug|Win32
		{EB180200-756F-43D2-A450-A29472457259}.Debug|x86.Build.0 = Debug|Win32
		{EB180200-756F-43D2-A450-A29472457259}.Release|x64.ActiveCfg = Release|x64
		{EB180200-756F-43D2-A450-A29472457259}.Release|x64.Build.0 = Release|x64
		{EB180200-756F-43D2-A450-A29472457259}.Release|x86.ActiveCfg = Release|Win32
		{EB180200-756F-43D2-A450-A29472457259}.Release|x86.Build.0 = Release|Win32
	EndGlobalSection
	GlobalSection(SolutionProperties) = preSolution
		HideSolutionNode = FALSE
	EndGlobalSection
	GlobalSection(ExtensibilityGlobals) = postSolution
		SolutionGuid = {A0F834A0-8EB8-4627-BF2F-3C7C4859BD87}
	EndGlobalSection
EndGlobal
